PODS:
  - Charts (3.4.0):
    - Charts/Core (= 3.4.0)
  - Charts/Core (3.4.0)

DEPENDENCIES:
  - Charts

SPEC REPOS:
  https://cdn.cocoapods.org/:
    - Charts

SPEC CHECKSUMS:
  Charts: 74c9f256eaf0460c0c416522d1cf8c634ea6b286

PODFILE CHECKSUM: eb82e531f5a2b4c4b4b292cc30a72ffa5dc38334

COCOAPODS: 1.8.4
